
Microsoft Visual Studio Solution File, Format Version 12.00
# Visual Studio Version 16
VisualStudioVersion = 16.0.30503.244
MinimumVisualStudioVersion = 10.0.40219.1
Project("{8BC9CEB8-8B4A-11D0-8D11-00A0C91BC942}") = "vk", "vk.vcxproj", "{C7FF9D9A-40A2-4903-9C44-4C40995B7685}"
EndProject
Global
	GlobalSection(SolutionConfigurationPlatforms) = preSolution
		Debug|x64 = Debug|x64
		Debug|x86 = Debug|x86
		Release|x64 = Release|x64
		Release|x86 = Release|x86
	EndGlobalSection
	GlobalSection(ProjectConfigurationPlatforms) = postSolution
		{C7FF9D9A-40A2-4903-9C44-4C40995B7685}.Debug|x64.ActiveCfg = Debug|x64
		{C7FF9D9A-40A2-4903-9C44-4C40995B7685}.Debug|x64.Build.0 = Debug|x64
		{C7FF9D9A-40A2-4903-9C44-4C40995B7685}.Debug|x86.ActiveCfg = Debug|Win32
		{C7FF9D9A-40A2-4903-9C44-4C40995B7685}.Debug|x86.Build.0 = Debug|Win32
		{C7FF9D9A-40A2-4903-9C44-4C40995B7685}.Release|x64.ActiveCfg = Release|x64
		{C7FF9D9A-40A2-4903-9C44-4C40995B7685}.Release|x64.Build.0 = Release|x64
		{C7FF9D9A-40A2-4903-9C44-4C40995B7685}.Release|x86.ActiveCfg = Release|Win32
		{C7FF9D9A-40A2-4903-9C44-4C40995B7685}.Release|x86.Build.0 = Release|Win32
	EndGlobalSection
	GlobalSection(SolutionProperties) = preSolution
		HideSolutionNode = FALSE
	EndGlobalSection
	GlobalSection(ExtensibilityGlobals) = postSolution
		SolutionGuid = {BEE9D391-8A10-479A-9A2F-133336B958C5}
	EndGlobalSection
EndGlobal
